
Microsoft Visual Studio Solution File, Format Version 12.00
# Visual Studio 15
VisualStudioVersion = 15.0.27130.2036
MinimumVisualStudioVersion = 10.0.40219.1
Project("{FAE04EC0-301F-11D3-BF4B-00C04F79EFBC}") = "Tibia.Windows.Console", "Tibia.Windows.Console\Tibia.Windows.Console.csproj", "{650EE909-D368-492A-AF26-DBB5D298431E}"
EndProject
Project("{9A19103F-16F7-4668-BE54-9A1E7A4F7556}") = "Tibia.Data", "Tibia.Data\Tibia.Data.csproj", "{778664AE-9E83-4324-AE41-27897AF14758}"
EndProject
Project("{9A19103F-16F7-4668-BE54-9A1E7A4F7556}") = "Tibia.Data.Providers.OpenTibia", "Tibia.Data.Providers.OpenTibia\Tibia.Data.Providers.OpenTibia.csproj", "{022EF922-694A-4E50-A907-C740F3B21717}"
EndProject
Project("{9A19103F-16F7-4668-BE54-9A1E7A4F7556}") = "Tibia.Data.Providers", "Tibia.Data.Providers\Tibia.Data.Providers.csproj", "{0780B576-AC22-4149-884B-209489C87B5D}"
EndProject
Project("{9A19103F-16F7-4668-BE54-9A1E7A4F7556}") = "Tibia.Map", "Tibia.Map\Tibia.Map.csproj", "{A47FF311-1E56-4D92-B65B-0E8781180F5E}"
EndProject
Project("{9A19103F-16F7-4668-BE54-9A1E7A4F7556}") = "Tibia.Data.Providers.Ultimate", "Tibia.Data.Providers.Ultimate\Tibia.Data.Providers.Ultimate.csproj", "{577E153D-0E9C-448F-96AB-3C840B7B490F}"
EndProject
Project("{9A19103F-16F7-4668-BE54-9A1E7A4F7556}") = "Tibia.Collections.Generic", "Tibia.Collections.Generic\Tibia.Collections.Generic.csproj", "{1C3BF2E1-52AE-4321-BBE7-95C9784100C6}"
EndProject
Project("{9A19103F-16F7-4668-BE54-9A1E7A4F7556}") = "Tibia.Spawns", "Tibia.Spawns\Tibia.Spawns.csproj", "{76D709EE-E428-4723-ACFA-63654F4122D3}"
EndProject
Project("{9A19103F-16F7-4668-BE54-9A1E7A4F7556}") = "Tibia.Network", "Tibia.Network\Tibia.Network.csproj", "{FDB4FF0E-E043-4369-8639-503536168B86}"
EndProject
Project("{9A19103F-16F7-4668-BE54-9A1E7A4F7556}") = "Tibia.Network.Login", "Tibia.Network.Login\Tibia.Network.Login.csproj", "{DB921D31-5364-4BA9-AA83-8B69FF3F9DB9}"
EndProject
Project("{9A19103F-16F7-4668-BE54-9A1E7A4F7556}") = "Tibia.Network.Game", "Tibia.Network.Game\Tibia.Network.Game.csproj", "{832E645C-3953-41B1-932A-1F64012D1ACC}"
EndProject
Project("{9A19103F-16F7-4668-BE54-9A1E7A4F7556}") = "Tibia.Security.Cryptography", "Tibia.Security.Cryptography\Tibia.Security.Cryptography.csproj", "{FB403212-08EB-4723-A476-0D6293709083}"
EndProject
Project("{9A19103F-16F7-4668-BE54-9A1E7A4F7556}") = "Tibia.InteropServices", "Tibia.InteropServices\Tibia.InteropServices.csproj", "{FD8394F7-D6CA-4A25-BAB2-23ABBF41ACF4}"
EndProject
Project("{9A19103F-16F7-4668-BE54-9A1E7A4F7556}") = "Tibia.Creatures", "Tibia.Creatures\Tibia.Creatures.csproj", "{9D915D42-F49C-4164-AE0D-C7085A9B7900}"
EndProject
Project("{9A19103F-16F7-4668-BE54-9A1E7A4F7556}") = "Tibia.Items", "Tibia.Items\Tibia.Items.csproj", "{0656210E-2917-4812-B748-EBF5A54D3C1F}"
EndProject
Project("{9A19103F-16F7-4668-BE54-9A1E7A4F7556}") = "Tibia.Outfits", "Tibia.Outfits\Tibia.Outfits.csproj", "{93CFC850-981A-4390-98E6-35214C5C58EB}"
EndProject
Project("{9A19103F-16F7-4668-BE54-9A1E7A4F7556}") = "Tibia.Mounts", "Tibia.Mounts\Tibia.Mounts.csproj", "{D42D6DFA-DAEA-49A2-B972-316F4FD9E94F}"
EndProject
Project("{9A19103F-16F7-4668-BE54-9A1E7A4F7556}") = "Tibia.Communications", "Tibia.Communications\Tibia.Communications.csproj", "{870E8E0B-2059-4709-9B0E-46F554509E2F}"
EndProject
Project("{9A19103F-16F7-4668-BE54-9A1E7A4F7556}") = "Tibia.Guilds", "Tibia.Guilds\Tibia.Guilds.csproj", "{BCE72484-06EC-4B8C-9803-609B8A683540}"
EndProject
Project("{9A19103F-16F7-4668-BE54-9A1E7A4F7556}") = "Tibia.Quests", "Tibia.Quests\Tibia.Quests.csproj", "{07A6381A-890B-4582-B4C1-C60DA97A506A}"
EndProject
Project("{9A19103F-16F7-4668-BE54-9A1E7A4F7556}") = "Tibia.Parties", "Tibia.Parties\Tibia.Parties.csproj", "{4AD17638-11D7-4F23-B27B-C3F256E6A1CB}"
EndProject
Project("{9A19103F-16F7-4668-BE54-9A1E7A4F7556}") = "Tibia.Communications.Channels", "Tibia.Communications.Channels\Tibia.Communications.Channels.csproj", "{D326E8C5-8D49-45FF-9A89-835F385A0F0D}"
EndProject
Project("{9A19103F-16F7-4668-BE54-9A1E7A4F7556}") = "Tibia.Battle", "Tibia.Battle\Tibia.Battle.csproj", "{F44AAD23-3766-4946-ADBB-541AD0A64DFF}"
EndProject
Project("{9A19103F-16F7-4668-BE54-9A1E7A4F7556}") = "Tibia.Vocations", "Tibia.Vocations\Tibia.Vocations.csproj", "{8655E9DF-BAEE-4689-B8F1-E94EB3F7E388}"
EndProject
Project("{9A19103F-16F7-4668-BE54-9A1E7A4F7556}") = "Tibia.Data.Storage", "Tibia.Data.Storage\Tibia.Data.Storage.csproj", "{A916F518-C994-4AC8-89EE-935B727C3076}"
EndProject
Project("{9A19103F-16F7-4668-BE54-9A1E7A4F7556}") = "Tibia.Data.Services", "Tibia.Data.Services\Tibia.Data.Services.csproj", "{F2BDB666-F05A-4E18-B583-84B9585B10F8}"
EndProject
Project("{9A19103F-16F7-4668-BE54-9A1E7A4F7556}") = "Tibia.Core", "Tibia.Core\Tibia.Core.csproj", "{9A9FF0B8-0BB4-4A16-920F-2203C29CA3C9}"
EndProject
Project("{9A19103F-16F7-4668-BE54-9A1E7A4F7556}") = "Tibia.Communications.Commands", "Tibia.Communications.Commands\Tibia.Communications.Commands.csproj", "{039738DC-9116-40EA-AACE-BBDAAC07C459}"
EndProject
Project("{9A19103F-16F7-4668-BE54-9A1E7A4F7556}") = "Tibia.Combat", "Tibia.Combat\Tibia.Combat.csproj", "{A5EED95A-C0A1-48BD-945A-44A42E6C429F}"
EndProject
Project("{9A19103F-16F7-4668-BE54-9A1E7A4F7556}") = "Tibia.Spells", "Tibia.Spells\Tibia.Spells.csproj", "{B5444847-5FFD-4D13-A2E7-DE848DDF1A43}"
EndProject
Project("{2150E333-8FDC-42A3-9474-1A3956D46DE8}") = "Shared", "Shared", "{F60A4E95-BD8C-4B22-9D12-2A39DF404D3A}"
EndProject
Project("{2150E333-8FDC-42A3-9474-1A3956D46DE8}") = "Core", "Core", "{BE37DA5C-77A4-490B-8D85-3F0BC6289030}"
EndProject
Project("{2150E333-8FDC-42A3-9474-1A3956D46DE8}") = "Tools", "Tools", "{CDB2D508-CF95-4AF3-A191-D7A18191B3F2}"
EndProject
Project("{2150E333-8FDC-42A3-9474-1A3956D46DE8}") = "Tests", "Tests", "{D6D2249A-09E2-4B3C-A324-DB5AF50BC371}"
EndProject
Project("{FAE04EC0-301F-11D3-BF4B-00C04F79EFBC}") = "Tibia.Windows.Client.Content", "Tibia.Windows.Client.Content\Tibia.Windows.Client.Content.contentproj", "{9338FB95-1E0D-4ED8-AD35-AA95FCCA6F45}"
EndProject
Project("{FAE04EC0-301F-11D3-BF4B-00C04F79EFBC}") = "Tibia.Windows.Client", "Tibia.Windows.Client\Tibia.Windows.Client.csproj", "{FE7531E7-7755-4766-828A-2E7BB03D4E06}"
EndProject
Project("{2150E333-8FDC-42A3-9474-1A3956D46DE8}") = "Setup", "Setup", "{FBD1A751-8EA2-4EF3-94B9-0C486958FD6A}"
EndProject
Global
	GlobalSection(SolutionConfigurationPlatforms) = preSolution
		Debug|Any CPU = Debug|Any CPU
		Debug|x86 = Debug|x86
		Release|Any CPU = Release|Any CPU
		Release|x86 = Release|x86
	EndGlobalSection
	GlobalSection(ProjectConfigurationPlatforms) = postSolution
		{650EE909-D368-492A-AF26-DBB5D298431E}.Debug|Any CPU.ActiveCfg = Debug|Any CPU
		{650EE909-D368-492A-AF26-DBB5D298431E}.Debug|Any CPU.Build.0 = Debug|Any CPU
		{650EE909-D368-492A-AF26-DBB5D298431E}.Debug|x86.ActiveCfg = Debug|Any CPU
		{650EE909-D368-492A-AF26-DBB5D298431E}.Debug|x86.Build.0 = Debug|Any CPU
		{650EE909-D368-492A-AF26-DBB5D298431E}.Release|Any CPU.ActiveCfg = Release|Any CPU
		{650EE909-D368-492A-AF26-DBB5D298431E}.Release|Any CPU.Build.0 = Release|Any CPU
		{650EE909-D368-492A-AF26-DBB5D298431E}.Release|x86.ActiveCfg = Release|Any CPU
		{650EE909-D368-492A-AF26-DBB5D298431E}.Release|x86.Build.0 = Release|Any CPU
		{778664AE-9E83-4324-AE41-27897AF14758}.Debug|Any CPU.ActiveCfg = Debug|Any CPU
		{778664AE-9E83-4324-AE41-27897AF14758}.Debug|Any CPU.Build.0 = Debug|Any CPU
		{778664AE-9E83-4324-AE41-27897AF14758}.Debug|x86.ActiveCfg = Debug|Any CPU
		{778664AE-9E83-4324-AE41-27897AF14758}.Debug|x86.Build.0 = Debug|Any CPU
		{778664AE-9E83-4324-AE41-27897AF14758}.Release|Any CPU.ActiveCfg = Release|Any CPU
		{778664AE-9E83-4324-AE41-27897AF14758}.Release|Any CPU.Build.0 = Release|Any CPU
		{778664AE-9E83-4324-AE41-27897AF14758}.Release|x86.ActiveCfg = Release|Any CPU
		{778664AE-9E83-4324-AE41-27897AF14758}.Release|x86.Build.0 = Release|Any CPU
		{022EF922-694A-4E50-A907-C740F3B21717}.Debug|Any CPU.ActiveCfg = Debug|Any CPU
		{022EF922-694A-4E50-A907-C740F3B21717}.Debug|Any CPU.Build.0 = Debug|Any CPU
		{022EF922-694A-4E50-A907-C740F3B21717}.Debug|x86.ActiveCfg = Debug|Any CPU
		{022EF922-694A-4E50-A907-C740F3B21717}.Debug|x86.Build.0 = Debug|Any CPU
		{022EF922-694A-4E50-A907-C740F3B21717}.Release|Any CPU.ActiveCfg = Release|Any CPU
		{022EF922-694A-4E50-A907-C740F3B21717}.Release|Any CPU.Build.0 = Release|Any CPU
		{022EF922-694A-4E50-A907-C740F3B21717}.Release|x86.ActiveCfg = Release|Any CPU
		{022EF922-694A-4E50-A907-C740F3B21717}.Release|x86.Build.0 = Release|Any CPU
		{0780B576-AC22-4149-884B-209489C87B5D}.Debug|Any CPU.ActiveCfg = Debug|Any CPU
		{0780B576-AC22-4149-884B-209489C87B5D}.Debug|Any CPU.Build.0 = Debug|Any CPU
		{0780B576-AC22-4149-884B-209489C87B5D}.Debug|x86.ActiveCfg = Debug|Any CPU
		{0780B576-AC22-4149-884B-209489C87B5D}.Debug|x86.Build.0 = Debug|Any CPU
		{0780B576-AC22-4149-884B-209489C87B5D}.Release|Any CPU.ActiveCfg = Release|Any CPU
		{0780B576-AC22-4149-884B-209489C87B5D}.Release|Any CPU.Build.0 = Release|Any CPU
		{0780B576-AC22-4149-884B-209489C87B5D}.Release|x86.ActiveCfg = Release|Any CPU
		{0780B576-AC22-4149-884B-209489C87B5D}.Release|x86.Build.0 = Release|Any CPU
		{A47FF311-1E56-4D92-B65B-0E8781180F5E}.Debug|Any CPU.ActiveCfg = Debug|Any CPU
		{A47FF311-1E56-4D92-B65B-0E8781180F5E}.Debug|Any CPU.Build.0 = Debug|Any CPU
		{A47FF311-1E56-4D92-B65B-0E8781180F5E}.Debug|x86.ActiveCfg = Debug|Any CPU
		{A47FF311-1E56-4D92-B65B-0E8781180F5E}.Debug|x86.Build.0 = Debug|Any CPU
		{A47FF311-1E56-4D92-B65B-0E8781180F5E}.Release|Any CPU.ActiveCfg = Release|Any CPU
		{A47FF311-1E56-4D92-B65B-0E8781180F5E}.Release|Any CPU.Build.0 = Release|Any CPU
		{A47FF311-1E56-4D92-B65B-0E8781180F5E}.Release|x86.ActiveCfg = Release|Any CPU
		{A47FF311-1E56-4D92-B65B-0E8781180F5E}.Release|x86.Build.0 = Release|Any CPU
		{577E153D-0E9C-448F-96AB-3C840B7B490F}.Debug|Any CPU.ActiveCfg = Debug|Any CPU
		{577E153D-0E9C-448F-96AB-3C840B7B490F}.Debug|Any CPU.Build.0 = Debug|Any CPU
		{577E153D-0E9C-448F-96AB-3C840B7B490F}.Debug|x86.ActiveCfg = Debug|Any CPU
		{577E153D-0E9C-448F-96AB-3C840B7B490F}.Debug|x86.Build.0 = Debug|Any CPU
		{577E153D-0E9C-448F-96AB-3C840B7B490F}.Release|Any CPU.ActiveCfg = Release|Any CPU
		{577E153D-0E9C-448F-96AB-3C840B7B490F}.Release|Any CPU.Build.0 = Release|Any CPU
		{577E153D-0E9C-448F-96AB-3C840B7B490F}.Release|x86.ActiveCfg = Release|Any CPU
		{577E153D-0E9C-448F-96AB-3C840B7B490F}.Release|x86.Build.0 = Release|Any CPU
		{1C3BF2E1-52AE-4321-BBE7-95C9784100C6}.Debug|Any CPU.ActiveCfg = Debug|Any CPU
		{1C3BF2E1-52AE-4321-BBE7-95C9784100C6}.Debug|Any CPU.Build.0 = Debug|Any CPU
		{1C3BF2E1-52AE-4321-BBE7-95C9784100C6}.Debug|x86.ActiveCfg = Debug|Any CPU
		{1C3BF2E1-52AE-4321-BBE7-95C9784100C6}.Debug|x86.Build.0 = Debug|Any CPU
		{1C3BF2E1-52AE-4321-BBE7-95C9784100C6}.Release|Any CPU.ActiveCfg = Release|Any CPU
		{1C3BF2E1-52AE-4321-BBE7-95C9784100C6}.Release|Any CPU.Build.0 = Release|Any CPU
		{1C3BF2E1-52AE-4321-BBE7-95C9784100C6}.Release|x86.ActiveCfg = Release|Any CPU
		{1C3BF2E1-52AE-4321-BBE7-95C9784100C6}.Release|x86.Build.0 = Release|Any CPU
		{76D709EE-E428-4723-ACFA-63654F4122D3}.Debug|Any CPU.ActiveCfg = Debug|Any CPU
		{76D709EE-E428-4723-ACFA-63654F4122D3}.Debug|Any CPU.Build.0 = Debug|Any CPU
		{76D709EE-E428-4723-ACFA-63654F4122D3}.Debug|x86.ActiveCfg = Debug|Any CPU
		{76D709EE-E428-4723-ACFA-63654F4122D3}.Debug|x86.Build.0 = Debug|Any CPU
		{76D709EE-E428-4723-ACFA-63654F4122D3}.Release|Any CPU.ActiveCfg = Release|Any CPU
		{76D709EE-E428-4723-ACFA-63654F4122D3}.Release|Any CPU.Build.0 = Release|Any CPU
		{76D709EE-E428-4723-ACFA-63654F4122D3}.Release|x86.ActiveCfg = Release|Any CPU
		{76D709EE-E428-4723-ACFA-63654F4122D3}.Release|x86.Build.0 = Release|Any CPU
		{FDB4FF0E-E043-4369-8639-503536168B86}.Debug|Any CPU.ActiveCfg = Debug|Any CPU
		{FDB4FF0E-E043-4369-8639-503536168B86}.Debug|Any CPU.Build.0 = Debug|Any CPU
		{FDB4FF0E-E043-4369-8639-503536168B86}.Debug|x86.ActiveCfg = Debug|Any CPU
		{FDB4FF0E-E043-4369-8639-503536168B86}.Debug|x86.Build.0 = Debug|Any CPU
		{FDB4FF0E-E043-4369-8639-503536168B86}.Release|Any CPU.ActiveCfg = Release|Any CPU
		{FDB4FF0E-E043-4369-8639-503536168B86}.Release|Any CPU.Build.0 = Release|Any CPU
		{FDB4FF0E-E043-4369-8639-503536168B86}.Release|x86.ActiveCfg = Release|Any CPU
		{FDB4FF0E-E043-4369-8639-503536168B86}.Release|x86.Build.0 = Release|Any CPU
		{DB921D31-5364-4BA9-AA83-8B69FF3F9DB9}.Debug|Any CPU.ActiveCfg = Debug|Any CPU
		{DB921D31-5364-4BA9-AA83-8B69FF3F9DB9}.Debug|Any CPU.Build.0 = Debug|Any CPU
		{DB921D31-5364-4BA9-AA83-8B69FF3F9DB9}.Debug|x86.ActiveCfg = Debug|Any CPU
		{DB921D31-5364-4BA9-AA83-8B69FF3F9DB9}.Debug|x86.Build.0 = Debug|Any CPU
		{DB921D31-5364-4BA9-AA83-8B69FF3F9DB9}.Release|Any CPU.ActiveCfg = Release|Any CPU
		{DB921D31-5364-4BA9-AA83-8B69FF3F9DB9}.Release|Any CPU.Build.0 = Release|Any CPU
		{DB921D31-5364-4BA9-AA83-8B69FF3F9DB9}.Release|x86.ActiveCfg = Release|Any CPU
		{DB921D31-5364-4BA9-AA83-8B69FF3F9DB9}.Release|x86.Build.0 = Release|Any CPU
		{832E645C-3953-41B1-932A-1F64012D1ACC}.Debug|Any CPU.ActiveCfg = Debug|Any CPU
		{832E645C-3953-41B1-932A-1F64012D1ACC}.Debug|Any CPU.Build.0 = Debug|Any CPU
		{832E645C-3953-41B1-932A-1F64012D1ACC}.Debug|x86.ActiveCfg = Debug|Any CPU
		{832E645C-3953-41B1-932A-1F64012D1ACC}.Debug|x86.Build.0 = Debug|Any CPU
		{832E645C-3953-41B1-932A-1F64012D1ACC}.Release|Any CPU.ActiveCfg = Release|Any CPU
		{832E645C-3953-41B1-932A-1F64012D1ACC}.Release|Any CPU.Build.0 = Release|Any CPU
		{832E645C-3953-41B1-932A-1F64012D1ACC}.Release|x86.ActiveCfg = Release|Any CPU
		{832E645C-3953-41B1-932A-1F64012D1ACC}.Release|x86.Build.0 = Release|Any CPU
		{FB403212-08EB-4723-A476-0D6293709083}.Debug|Any CPU.ActiveCfg = Debug|Any CPU
		{FB403212-08EB-4723-A476-0D6293709083}.Debug|Any CPU.Build.0 = Debug|Any CPU
		{FB403212-08EB-4723-A476-0D6293709083}.Debug|x86.ActiveCfg = Debug|Any CPU
		{FB403212-08EB-4723-A476-0D6293709083}.Debug|x86.Build.0 = Debug|Any CPU
		{FB403212-08EB-4723-A476-0D6293709083}.Release|Any CPU.ActiveCfg = Release|Any CPU
		{FB403212-08EB-4723-A476-0D6293709083}.Release|Any CPU.Build.0 = Release|Any CPU
		{FB403212-08EB-4723-A476-0D6293709083}.Release|x86.ActiveCfg = Release|Any CPU
		{FB403212-08EB-4723-A476-0D6293709083}.Release|x86.Build.0 = Release|Any CPU
		{FD8394F7-D6CA-4A25-BAB2-23ABBF41ACF4}.Debug|Any CPU.ActiveCfg = Debug|Any CPU
		{FD8394F7-D6CA-4A25-BAB2-23ABBF41ACF4}.Debug|Any CPU.Build.0 = Debug|Any CPU
		{FD8394F7-D6CA-4A25-BAB2-23ABBF41ACF4}.Debug|x86.ActiveCfg = Debug|Any CPU
		{FD8394F7-D6CA-4A25-BAB2-23ABBF41ACF4}.Debug|x86.Build.0 = Debug|Any CPU
		{FD8394F7-D6CA-4A25-BAB2-23ABBF41ACF4}.Release|Any CPU.ActiveCfg = Release|Any CPU
		{FD8394F7-D6CA-4A25-BAB2-23ABBF41ACF4}.Release|Any CPU.Build.0 = Release|Any CPU
		{FD8394F7-D6CA-4A25-BAB2-23ABBF41ACF4}.Release|x86.ActiveCfg = Release|Any CPU
		{FD8394F7-D6CA-4A25-BAB2-23ABBF41ACF4}.Release|x86.Build.0 = Release|Any CPU
		{9D915D42-F49C-4164-AE0D-C7085A9B7900}.Debug|Any CPU.ActiveCfg = Debug|Any CPU
		{9D915D42-F49C-4164-AE0D-C7085A9B7900}.Debug|Any CPU.Build.0 = Debug|Any CPU
		{9D915D42-F49C-4164-AE0D-C7085A9B7900}.Debug|x86.ActiveCfg = Debug|Any CPU
		{9D915D42-F49C-4164-AE0D-C7085A9B7900}.Debug|x86.Build.0 = Debug|Any CPU
		{9D915D42-F49C-4164-AE0D-C7085A9B7900}.Release|Any CPU.ActiveCfg = Release|Any CPU
		{9D915D42-F49C-4164-AE0D-C7085A9B7900}.Release|Any CPU.Build.0 = Release|Any CPU
		{9D915D42-F49C-4164-AE0D-C7085A9B7900}.Release|x86.ActiveCfg = Release|Any CPU
		{9D915D42-F49C-4164-AE0D-C7085A9B7900}.Release|x86.Build.0 = Release|Any CPU
		{0656210E-2917-4812-B748-EBF5A54D3C1F}.Debug|Any CPU.ActiveCfg = Debug|Any CPU
		{0656210E-2917-4812-B748-EBF5A54D3C1F}.Debug|Any CPU.Build.0 = Debug|Any CPU
		{0656210E-2917-4812-B748-EBF5A54D3C1F}.Debug|x86.ActiveCfg = Debug|Any CPU
		{0656210E-2917-4812-B748-EBF5A54D3C1F}.Debug|x86.Build.0 = Debug|Any CPU
		{0656210E-2917-4812-B748-EBF5A54D3C1F}.Release|Any CPU.ActiveCfg = Release|Any CPU
		{0656210E-2917-4812-B748-EBF5A54D3C1F}.Release|Any CPU.Build.0 = Release|Any CPU
		{0656210E-2917-4812-B748-EBF5A54D3C1F}.Release|x86.ActiveCfg = Release|Any CPU
		{0656210E-2917-4812-B748-EBF5A54D3C1F}.Release|x86.Build.0 = Release|Any CPU
		{93CFC850-981A-4390-98E6-35214C5C58EB}.Debug|Any CPU.ActiveCfg = Debug|Any CPU
		{93CFC850-981A-4390-98E6-35214C5C58EB}.Debug|Any CPU.Build.0 = Debug|Any CPU
		{93CFC850-981A-4390-98E6-35214C5C58EB}.Debug|x86.ActiveCfg = Debug|Any CPU
		{93CFC850-981A-4390-98E6-35214C5C58EB}.Debug|x86.Build.0 = Debug|Any CPU
		{93CFC850-981A-4390-98E6-35214C5C58EB}.Release|Any CPU.ActiveCfg = Release|Any CPU
		{93CFC850-981A-4390-98E6-35214C5C58EB}.Release|Any CPU.Build.0 = Release|Any CPU
		{93CFC850-981A-4390-98E6-35214C5C58EB}.Release|x86.ActiveCfg = Release|Any CPU
		{93CFC850-981A-4390-98E6-35214C5C58EB}.Release|x86.Build.0 = Release|Any CPU
		{D42D6DFA-DAEA-49A2-B972-316F4FD9E94F}.Debug|Any CPU.ActiveCfg = Debug|Any CPU
		{D42D6DFA-DAEA-49A2-B972-316F4FD9E94F}.Debug|Any CPU.Build.0 = Debug|Any CPU
		{D42D6DFA-DAEA-49A2-B972-316F4FD9E94F}.Debug|x86.ActiveCfg = Debug|Any CPU
		{D42D6DFA-DAEA-49A2-B972-316F4FD9E94F}.Debug|x86.Build.0 = Debug|Any CPU
		{D42D6DFA-DAEA-49A2-B972-316F4FD9E94F}.Release|Any CPU.ActiveCfg = Release|Any CPU
		{D42D6DFA-DAEA-49A2-B972-316F4FD9E94F}.Release|Any CPU.Build.0 = Release|Any CPU
		{D42D6DFA-DAEA-49A2-B972-316F4FD9E94F}.Release|x86.ActiveCfg = Release|Any CPU
		{D42D6DFA-DAEA-49A2-B972-316F4FD9E94F}.Release|x86.Build.0 = Release|Any CPU
		{870E8E0B-2059-4709-9B0E-46F554509E2F}.Debug|Any CPU.ActiveCfg = Debug|Any CPU
		{870E8E0B-2059-4709-9B0E-46F554509E2F}.Debug|Any CPU.Build.0 = Debug|Any CPU
		{870E8E0B-2059-4709-9B0E-46F554509E2F}.Debug|x86.ActiveCfg = Debug|Any CPU
		{870E8E0B-2059-4709-9B0E-46F554509E2F}.Debug|x86.Build.0 = Debug|Any CPU
		{870E8E0B-2059-4709-9B0E-46F554509E2F}.Release|Any CPU.ActiveCfg = Release|Any CPU
		{870E8E0B-2059-4709-9B0E-46F554509E2F}.Release|Any CPU.Build.0 = Release|Any CPU
		{870E8E0B-2059-4709-9B0E-46F554509E2F}.Release|x86.ActiveCfg = Release|Any CPU
		{870E8E0B-2059-4709-9B0E-46F554509E2F}.Release|x86.Build.0 = Release|Any CPU
		{BCE72484-06EC-4B8C-9803-609B8A683540}.Debug|Any CPU.ActiveCfg = Debug|Any CPU
		{BCE72484-06EC-4B8C-9803-609B8A683540}.Debug|Any CPU.Build.0 = Debug|Any CPU
		{BCE72484-06EC-4B8C-9803-609B8A683540}.Debug|x86.ActiveCfg = Debug|Any CPU
		{BCE72484-06EC-4B8C-9803-609B8A683540}.Debug|x86.Build.0 = Debug|Any CPU
		{BCE72484-06EC-4B8C-9803-609B8A683540}.Release|Any CPU.ActiveCfg = Release|Any CPU
		{BCE72484-06EC-4B8C-9803-609B8A683540}.Release|Any CPU.Build.0 = Release|Any CPU
		{BCE72484-06EC-4B8C-9803-609B8A683540}.Release|x86.ActiveCfg = Release|Any CPU
		{BCE72484-06EC-4B8C-9803-609B8A683540}.Release|x86.Build.0 = Release|Any CPU
		{07A6381A-890B-4582-B4C1-C60DA97A506A}.Debug|Any CPU.ActiveCfg = Debug|Any CPU
		{07A6381A-890B-4582-B4C1-C60DA97A506A}.Debug|Any CPU.Build.0 = Debug|Any CPU
		{07A6381A-890B-4582-B4C1-C60DA97A506A}.Debug|x86.ActiveCfg = Debug|Any CPU
		{07A6381A-890B-4582-B4C1-C60DA97A506A}.Debug|x86.Build.0 = Debug|Any CPU
		{07A6381A-890B-4582-B4C1-C60DA97A506A}.Release|Any CPU.ActiveCfg = Release|Any CPU
		{07A6381A-890B-4582-B4C1-C60DA97A506A}.Release|Any CPU.Build.0 = Release|Any CPU
		{07A6381A-890B-4582-B4C1-C60DA97A506A}.Release|x86.ActiveCfg = Release|Any CPU
		{07A6381A-890B-4582-B4C1-C60DA97A506A}.Release|x86.Build.0 = Release|Any CPU
		{4AD17638-11D7-4F23-B27B-C3F256E6A1CB}.Debug|Any CPU.ActiveCfg = Debug|Any CPU
		{4AD17638-11D7-4F23-B27B-C3F256E6A1CB}.Debug|Any CPU.Build.0 = Debug|Any CPU
		{4AD17638-11D7-4F23-B27B-C3F256E6A1CB}.Debug|x86.ActiveCfg = Debug|Any CPU
		{4AD17638-11D7-4F23-B27B-C3F256E6A1CB}.Debug|x86.Build.0 = Debug|Any CPU
		{4AD17638-11D7-4F23-B27B-C3F256E6A1CB}.Release|Any CPU.ActiveCfg = Release|Any CPU
		{4AD17638-11D7-4F23-B27B-C3F256E6A1CB}.Release|Any CPU.Build.0 = Release|Any CPU
		{4AD17638-11D7-4F23-B27B-C3F256E6A1CB}.Release|x86.ActiveCfg = Release|Any CPU
		{4AD17638-11D7-4F23-B27B-C3F256E6A1CB}.Release|x86.Build.0 = Release|Any CPU
		{D326E8C5-8D49-45FF-9A89-835F385A0F0D}.Debug|Any CPU.ActiveCfg = Debug|Any CPU
		{D326E8C5-8D49-45FF-9A89-835F385A0F0D}.Debug|Any CPU.Build.0 = Debug|Any CPU
		{D326E8C5-8D49-45FF-9A89-835F385A0F0D}.Debug|x86.ActiveCfg = Debug|Any CPU
		{D326E8C5-8D49-45FF-9A89-835F385A0F0D}.Debug|x86.Build.0 = Debug|Any CPU
		{D326E8C5-8D49-45FF-9A89-835F385A0F0D}.Release|Any CPU.ActiveCfg = Release|Any CPU
		{D326E8C5-8D49-45FF-9A89-835F385A0F0D}.Release|Any CPU.Build.0 = Release|Any CPU
		{D326E8C5-8D49-45FF-9A89-835F385A0F0D}.Release|x86.ActiveCfg = Release|Any CPU
		{D326E8C5-8D49-45FF-9A89-835F385A0F0D}.Release|x86.Build.0 = Release|Any CPU
		{F44AAD23-3766-4946-ADBB-541AD0A64DFF}.Debug|Any CPU.ActiveCfg = Debug|Any CPU
		{F44AAD23-3766-4946-ADBB-541AD0A64DFF}.Debug|Any CPU.Build.0 = Debug|Any CPU
		{F44AAD23-3766-4946-ADBB-541AD0A64DFF}.Debug|x86.ActiveCfg = Debug|Any CPU
		{F44AAD23-3766-4946-ADBB-541AD0A64DFF}.Debug|x86.Build.0 = Debug|Any CPU
		{F44AAD23-3766-4946-ADBB-541AD0A64DFF}.Release|Any CPU.ActiveCfg = Release|Any CPU
		{F44AAD23-3766-4946-ADBB-541AD0A64DFF}.Release|Any CPU.Build.0 = Release|Any CPU
		{F44AAD23-3766-4946-ADBB-541AD0A64DFF}.Release|x86.ActiveCfg = Release|Any CPU
		{F44AAD23-3766-4946-ADBB-541AD0A64DFF}.Release|x86.Build.0 = Release|Any CPU
		{8655E9DF-BAEE-4689-B8F1-E94EB3F7E388}.Debug|Any CPU.ActiveCfg = Debug|Any CPU
		{8655E9DF-BAEE-4689-B8F1-E94EB3F7E388}.Debug|Any CPU.Build.0 = Debug|Any CPU
		{8655E9DF-BAEE-4689-B8F1-E94EB3F7E388}.Debug|x86.ActiveCfg = Debug|Any CPU
		{8655E9DF-BAEE-4689-B8F1-E94EB3F7E388}.Debug|x86.Build.0 = Debug|Any CPU
		{8655E9DF-BAEE-4689-B8F1-E94EB3F7E388}.Release|Any CPU.ActiveCfg = Release|Any CPU
		{8655E9DF-BAEE-4689-B8F1-E94EB3F7E388}.Release|Any CPU.Build.0 = Release|Any CPU
		{8655E9DF-BAEE-4689-B8F1-E94EB3F7E388}.Release|x86.ActiveCfg = Release|Any CPU
		{8655E9DF-BAEE-4689-B8F1-E94EB3F7E388}.Release|x86.Build.0 = Release|Any CPU
		{A916F518-C994-4AC8-89EE-935B727C3076}.Debug|Any CPU.ActiveCfg = Debug|Any CPU
		{A916F518-C994-4AC8-89EE-935B727C3076}.Debug|Any CPU.Build.0 = Debug|Any CPU
		{A916F518-C994-4AC8-89EE-935B727C3076}.Debug|x86.ActiveCfg = Debug|Any CPU
		{A916F518-C994-4AC8-89EE-935B727C3076}.Debug|x86.Build.0 = Debug|Any CPU
		{A916F518-C994-4AC8-89EE-935B727C3076}.Release|Any CPU.ActiveCfg = Release|Any CPU
		{A916F518-C994-4AC8-89EE-935B727C3076}.Release|Any CPU.Build.0 = Release|Any CPU
		{A916F518-C994-4AC8-89EE-935B727C3076}.Release|x86.ActiveCfg = Release|Any CPU
		{A916F518-C994-4AC8-89EE-935B727C3076}.Release|x86.Build.0 = Release|Any CPU
		{F2BDB666-F05A-4E18-B583-84B9585B10F8}.Debug|Any CPU.ActiveCfg = Debug|Any CPU
		{F2BDB666-F05A-4E18-B583-84B9585B10F8}.Debug|Any CPU.Build.0 = Debug|Any CPU
		{F2BDB666-F05A-4E18-B583-84B9585B10F8}.Debug|x86.ActiveCfg = Debug|Any CPU
		{F2BDB666-F05A-4E18-B583-84B9585B10F8}.Debug|x86.Build.0 = Debug|Any CPU
		{F2BDB666-F05A-4E18-B583-84B9585B10F8}.Release|Any CPU.ActiveCfg = Release|Any CPU
		{F2BDB666-F05A-4E18-B583-84B9585B10F8}.Release|Any CPU.Build.0 = Release|Any CPU
		{F2BDB666-F05A-4E18-B583-84B9585B10F8}.Release|x86.ActiveCfg = Release|Any CPU
		{F2BDB666-F05A-4E18-B583-84B9585B10F8}.Release|x86.Build.0 = Release|Any CPU
		{9A9FF0B8-0BB4-4A16-920F-2203C29CA3C9}.Debug|Any CPU.ActiveCfg = Debug|Any CPU
		{9A9FF0B8-0BB4-4A16-920F-2203C29CA3C9}.Debug|Any CPU.Build.0 = Debug|Any CPU
		{9A9FF0B8-0BB4-4A16-920F-2203C29CA3C9}.Debug|x86.ActiveCfg = Debug|Any CPU
		{9A9FF0B8-0BB4-4A16-920F-2203C29CA3C9}.Debug|x86.Build.0 = Debug|Any CPU
		{9A9FF0B8-0BB4-4A16-920F-2203C29CA3C9}.Release|Any CPU.ActiveCfg = Release|Any CPU
		{9A9FF0B8-0BB4-4A16-920F-2203C29CA3C9}.Release|Any CPU.Build.0 = Release|Any CPU
		{9A9FF0B8-0BB4-4A16-920F-2203C29CA3C9}.Release|x86.ActiveCfg = Release|Any CPU
		{9A9FF0B8-0BB4-4A16-920F-2203C29CA3C9}.Release|x86.Build.0 = Release|Any CPU
		{039738DC-9116-40EA-AACE-BBDAAC07C459}.Debug|Any CPU.ActiveCfg = Debug|Any CPU
		{039738DC-9116-40EA-AACE-BBDAAC07C459}.Debug|Any CPU.Build.0 = Debug|Any CPU
		{039738DC-9116-40EA-AACE-BBDAAC07C459}.Debug|x86.ActiveCfg = Debug|Any CPU
		{039738DC-9116-40EA-AACE-BBDAAC07C459}.Debug|x86.Build.0 = Debug|Any CPU
		{039738DC-9116-40EA-AACE-BBDAAC07C459}.Release|Any CPU.ActiveCfg = Release|Any CPU
		{039738DC-9116-40EA-AACE-BBDAAC07C459}.Release|Any CPU.Build.0 = Release|Any CPU
		{039738DC-9116-40EA-AACE-BBDAAC07C459}.Release|x86.ActiveCfg = Release|Any CPU
		{039738DC-9116-40EA-AACE-BBDAAC07C459}.Release|x86.Build.0 = Release|Any CPU
		{A5EED95A-C0A1-48BD-945A-44A42E6C429F}.Debug|Any CPU.ActiveCfg = Debug|Any CPU
		{A5EED95A-C0A1-48BD-945A-44A42E6C429F}.Debug|Any CPU.Build.0 = Debug|Any CPU
		{A5EED95A-C0A1-48BD-945A-44A42E6C429F}.Debug|x86.ActiveCfg = Debug|Any CPU
		{A5EED95A-C0A1-48BD-945A-44A42E6C429F}.Debug|x86.Build.0 = Debug|Any CPU
		{A5EED95A-C0A1-48BD-945A-44A42E6C429F}.Release|Any CPU.ActiveCfg = Release|Any CPU
		{A5EED95A-C0A1-48BD-945A-44A42E6C429F}.Release|Any CPU.Build.0 = Release|Any CPU
		{A5EED95A-C0A1-48BD-945A-44A42E6C429F}.Release|x86.ActiveCfg = Release|Any CPU
		{A5EED95A-C0A1-48BD-945A-44A42E6C429F}.Release|x86.Build.0 = Release|Any CPU
		{B5444847-5FFD-4D13-A2E7-DE848DDF1A43}.Debug|Any CPU.ActiveCfg = Debug|Any CPU
		{B5444847-5FFD-4D13-A2E7-DE848DDF1A43}.Debug|Any CPU.Build.0 = Debug|Any CPU
		{B5444847-5FFD-4D13-A2E7-DE848DDF1A43}.Debug|x86.ActiveCfg = Debug|Any CPU
		{B5444847-5FFD-4D13-A2E7-DE848DDF1A43}.Debug|x86.Build.0 = Debug|Any CPU
		{B5444847-5FFD-4D13-A2E7-DE848DDF1A43}.Release|Any CPU.ActiveCfg = Release|Any CPU
		{B5444847-5FFD-4D13-A2E7-DE848DDF1A43}.Release|Any CPU.Build.0 = Release|Any CPU
		{B5444847-5FFD-4D13-A2E7-DE848DDF1A43}.Release|x86.ActiveCfg = Release|Any CPU
		{B5444847-5FFD-4D13-A2E7-DE848DDF1A43}.Release|x86.Build.0 = Release|Any CPU
		{9338FB95-1E0D-4ED8-AD35-AA95FCCA6F45}.Debug|Any CPU.ActiveCfg = Debug|x86
		{9338FB95-1E0D-4ED8-AD35-AA95FCCA6F45}.Debug|x86.ActiveCfg = Debug|x86
		{9338FB95-1E0D-4ED8-AD35-AA95FCCA6F45}.Release|Any CPU.ActiveCfg = Release|x86
		{9338FB95-1E0D-4ED8-AD35-AA95FCCA6F45}.Release|x86.ActiveCfg = Release|x86
		{FE7531E7-7755-4766-828A-2E7BB03D4E06}.Debug|Any CPU.ActiveCfg = Debug|x86
		{FE7531E7-7755-4766-828A-2E7BB03D4E06}.Debug|x86.ActiveCfg = Debug|x86
		{FE7531E7-7755-4766-828A-2E7BB03D4E06}.Debug|x86.Build.0 = Debug|x86
		{FE7531E7-7755-4766-828A-2E7BB03D4E06}.Release|Any CPU.ActiveCfg = Release|x86
		{FE7531E7-7755-4766-828A-2E7BB03D4E06}.Release|x86.ActiveCfg = Release|x86
		{FE7531E7-7755-4766-828A-2E7BB03D4E06}.Release|x86.Build.0 = Release|x86
	EndGlobalSection
	GlobalSection(SolutionProperties) = preSolution
		HideSolutionNode = FALSE
	EndGlobalSection
	GlobalSection(NestedProjects) = preSolution
		{650EE909-D368-492A-AF26-DBB5D298431E} = {BE37DA5C-77A4-490B-8D85-3F0BC6289030}
		{778664AE-9E83-4324-AE41-27897AF14758} = {BE37DA5C-77A4-490B-8D85-3F0BC6289030}
		{022EF922-694A-4E50-A907-C740F3B21717} = {BE37DA5C-77A4-490B-8D85-3F0BC6289030}
		{0780B576-AC22-4149-884B-209489C87B5D} = {BE37DA5C-77A4-490B-8D85-3F0BC6289030}
		{A47FF311-1E56-4D92-B65B-0E8781180F5E} = {BE37DA5C-77A4-490B-8D85-3F0BC6289030}
		{577E153D-0E9C-448F-96AB-3C840B7B490F} = {BE37DA5C-77A4-490B-8D85-3F0BC6289030}
		{1C3BF2E1-52AE-4321-BBE7-95C9784100C6} = {BE37DA5C-77A4-490B-8D85-3F0BC6289030}
		{76D709EE-E428-4723-ACFA-63654F4122D3} = {BE37DA5C-77A4-490B-8D85-3F0BC6289030}
		{FDB4FF0E-E043-4369-8639-503536168B86} = {BE37DA5C-77A4-490B-8D85-3F0BC6289030}
		{DB921D31-5364-4BA9-AA83-8B69FF3F9DB9} = {BE37DA5C-77A4-490B-8D85-3F0BC6289030}
		{832E645C-3953-41B1-932A-1F64012D1ACC} = {BE37DA5C-77A4-490B-8D85-3F0BC6289030}
		{FB403212-08EB-4723-A476-0D6293709083} = {BE37DA5C-77A4-490B-8D85-3F0BC6289030}
		{FD8394F7-D6CA-4A25-BAB2-23ABBF41ACF4} = {BE37DA5C-77A4-490B-8D85-3F0BC6289030}
		{9D915D42-F49C-4164-AE0D-C7085A9B7900} = {BE37DA5C-77A4-490B-8D85-3F0BC6289030}
		{0656210E-2917-4812-B748-EBF5A54D3C1F} = {BE37DA5C-77A4-490B-8D85-3F0BC6289030}
		{93CFC850-981A-4390-98E6-35214C5C58EB} = {BE37DA5C-77A4-490B-8D85-3F0BC6289030}
		{D42D6DFA-DAEA-49A2-B972-316F4FD9E94F} = {BE37DA5C-77A4-490B-8D85-3F0BC6289030}
		{870E8E0B-2059-4709-9B0E-46F554509E2F} = {BE37DA5C-77A4-490B-8D85-3F0BC6289030}
		{BCE72484-06EC-4B8C-9803-609B8A683540} = {BE37DA5C-77A4-490B-8D85-3F0BC6289030}
		{07A6381A-890B-4582-B4C1-C60DA97A506A} = {BE37DA5C-77A4-490B-8D85-3F0BC6289030}
		{4AD17638-11D7-4F23-B27B-C3F256E6A1CB} = {BE37DA5C-77A4-490B-8D85-3F0BC6289030}
		{D326E8C5-8D49-45FF-9A89-835F385A0F0D} = {BE37DA5C-77A4-490B-8D85-3F0BC6289030}
		{F44AAD23-3766-4946-ADBB-541AD0A64DFF} = {BE37DA5C-77A4-490B-8D85-3F0BC6289030}
		{8655E9DF-BAEE-4689-B8F1-E94EB3F7E388} = {BE37DA5C-77A4-490B-8D85-3F0BC6289030}
		{A916F518-C994-4AC8-89EE-935B727C3076} = {BE37DA5C-77A4-490B-8D85-3F0BC6289030}
		{F2BDB666-F05A-4E18-B583-84B9585B10F8} = {BE37DA5C-77A4-490B-8D85-3F0BC6289030}
		{9A9FF0B8-0BB4-4A16-920F-2203C29CA3C9} = {BE37DA5C-77A4-490B-8D85-3F0BC6289030}
		{039738DC-9116-40EA-AACE-BBDAAC07C459} = {BE37DA5C-77A4-490B-8D85-3F0BC6289030}
		{A5EED95A-C0A1-48BD-945A-44A42E6C429F} = {BE37DA5C-77A4-490B-8D85-3F0BC6289030}
		{B5444847-5FFD-4D13-A2E7-DE848DDF1A43} = {BE37DA5C-77A4-490B-8D85-3F0BC6289030}
		{9338FB95-1E0D-4ED8-AD35-AA95FCCA6F45} = {BE37DA5C-77A4-490B-8D85-3F0BC6289030}
		{FE7531E7-7755-4766-828A-2E7BB03D4E06} = {BE37DA5C-77A4-490B-8D85-3F0BC6289030}
	EndGlobalSection
	GlobalSection(ExtensibilityGlobals) = postSolution
		SolutionGuid = {3C3BB6DD-AF4D-45B7-9A8F-E0CC7909183E}
	EndGlobalSection
EndGlobal
